// !$*UTF8*$!
{
	archiveVersion = 1;
	classes = {
	};
	objectVersion = 46;
	objects = {

/* Begin PBXBuildFile section */
		702AD96A1D19EA630034E960 /* AppDelegate.swift in Sources */ = {isa = PBXBuildFile; fileRef = 702AD9691D19EA630034E960 /* AppDelegate.swift */; };
		702AD96C1D19EA630034E960 /* ViewController.swift in Sources */ = {isa = PBXBuildFile; fileRef = 702AD96B1D19EA630034E960 /* ViewController.swift */; };
		702AD96F1D19EA630034E960 /* Main.storyboard in Resources */ = {isa = PBXBuildFile; fileRef = 702AD96D1D19EA630034E960 /* Main.storyboard */; };
		702AD9711D19EA640034E960 /* Assets.xcassets in Resources */ = {isa = PBXBuildFile; fileRef = 702AD9701D19EA640034E960 /* Assets.xcassets */; };
		702AD9741D19EA640034E960 /* LaunchScreen.storyboard in Resources */ = {isa = PBXBuildFile; fileRef = 702AD9721D19EA640034E960 /* LaunchScreen.storyboard */; };
/* End PBXBuildFile section */

/* Begin PBXFileReference section */
		702AD9661D19EA630034E960 /* Pixter.app */ = {isa = PBXFileReference; explicitFileType = wrapper.application; includeInIndex = 0; path = Pixter.app; sourceTree = BUILT_PRODUCTS_DIR; };
		702AD9691D19EA630034E960 /* AppDelegate.swift */ = {isa = PBXFileReference; lastKnownFileType = sourcecode.swift; path = AppDelegate.swift; sourceTree = "<group>"; };
		702AD96B1D19EA630034E960 /* ViewController.swift */ = {isa = PBXFileReference; lastKnownFileType = sourcecode.swift; path = ViewController.swift; sourceTree = "<group>"; };
		702AD96E1D19EA630034E960 /* Base */ = {isa = PBXFileReference; lastKnownFileType = file.storyboard; name = Base; path = Base.lproj/Main.storyboard; sourceTree = "<group>"; };
		702AD9701D19EA640034E960 /* Assets.xcassets */ = {isa = PBXFileReference; lastKnownFileType = folder.assetcatalog; path = Assets.xcassets; sourceTree = "<group>"; };
		702AD9731D19EA640034E960 /* Base */ = {isa = PBXFileReference; lastKnownFileType = file.storyboard; name = Base; path = Base.lproj/LaunchScreen.storyboard; sourceTree = "<group>"; };
		702AD9751D19EA640034E960 /* Info.plist */ = {isa = PBXFileReference; lastKnownFileType = text.plist.xml; path = Info.plist; sourceTree = "<group>"; };
/* End PBXFileReference section */

/* Begin PBXFrameworksBuildPhase section */
		702AD9631D19EA630034E960 /* Frameworks */ = {
			isa = PBXFrameworksBuildPhase;
			buildActionMask = 2147483647;
			files = (
			);
			runOnlyForDeploymentPostprocessing = 0;
		};
/* End PBXFrameworksBuildPhase section */

/* Begin PBXGroup section */
		702AD95D1D19EA630034E960 = {
			isa = PBXGroup;
			children = (
				702AD9681D19EA630034E960 /* Pixter */,
				702AD9671D19EA630034E960 /* Products */,
			);
			sourceTree = "<group>";
		};
		702AD9671D19EA630034E960 /* Products */ = {
			isa = PBXGroup;
			children = (
				702AD9661D19EA630034E960 /* Pixter.app */,
			);
			name = Products;
			sourceTree = "<group>";
		};
		702AD9681D19EA630034E960 /* Pixter */ = {
			isa = PBXGroup;
			children = (
				702AD9691D19EA630034E960 /* AppDelegate.swift */,
				702AD96B1D19EA630034E960 /* ViewController.swift */,
				702AD96D1D19EA630034E960 /* Main.storyboard */,
				702AD9701D19EA640034E960 /* Assets.xcassets */,
				702AD9721D19EA640034E960 /* LaunchScreen.storyboard */,
				702AD9751D19EA640034E960 /* Info.plist */,
			);
			path = Pixter;
			sourceTree = "<group>";
		};
/* End PBXGroup section */

/* Begin PBXNativeTarget section */
		702AD9651D19EA630034E960 /* Pixter */ = {
			isa = PBXNativeTarget;
			buildConfigurationList = 702AD9781D19EA640034E960 /* Build configuration list for PBXNativeTarget "Pixter" */;
			buildPhases = (
				702AD9621D19EA630034E960 /* Sources */,
				702AD9631D19EA630034E960 /* Frameworks */,
				702AD9641D19EA630034E960 /* Resources */,
			);
			buildRules = (
			);
			dependencies = (
			);
			name = Pixter;
			productName = Pixter;
			productReference = 702AD9661D19EA630034E960 /* Pixter.app */;
			productType = "com.apple.product-type.application";
		};
/* End PBXNativeTarget section */

/* Begin PBXProject section */
		702AD95E1D19EA630034E960 /* Project object */ = {
			isa = PBXProject;
			attributes = {
				LastSwiftUpdateCheck = 0730;
				LastUpgradeCheck = 0730;
				ORGANIZATIONNAME = "Rohan Y. Shah";
				TargetAttributes = {
					702AD9651D19EA630034E960 = {
						CreatedOnToolsVersion = 7.3.1;
					};
				};
			};
			buildConfigurationList = 702AD9611D19EA630034E960 /* Build configuration list for PBXProject "Pixter" */;
			compatibilityVersion = "Xcode 3.2";
			developmentRegion = English;
			hasScannedForEncodings = 0;
			knownRegions = (
				en,
				Base,
			);
			mainGroup = 702AD95D1D19EA630034E960;
			productRefGroup = 702AD9671D19EA630034E960 /* Products */;
			projectDirPath = "";
			projectRoot = "";
			targets = (
				702AD9651D19EA630034E960 /* Pixter */,
			);
		};
/* End PBXProject section */

/* Begin PBXResourcesBuildPhase section */
		702AD9641D19EA630034E960 /* Resources */ = {
			isa = PBXResourcesBuildPhase;
			buildActionMask = 2147483647;
			files = (
				702AD9741D19EA640034E960 /* LaunchScreen.storyboard in Resources */,
				702AD9711D19EA640034E960 /* Assets.xcassets in Resources */,
				702AD96F1D19EA630034E960 /* Main.storyboard in Resources */,
			);
			runOnlyForDeploymentPostprocessing = 0;
		};
/* End PBXResourcesBuildPhase section */

/* Begin PBXSourcesBuildPhase section */
		702AD9621D19EA630034E960 /* Sources */ = {
			isa = PBXSourcesBuildPhase;
			buildActionMask = 2147483647;
			files = (
				702AD96C1D19EA630034E960 /* ViewController.swift in Sources */,
				702AD96A1D19EA630034E960 /* AppDelegate.swift in Sources */,
			);
			runOnlyForDeploymentPostprocessing = 0;
		};
/* End PBXSourcesBuildPhase section */

/* Begin PBXVariantGroup section */
		702AD96D1D19EA630034E960 /* Main.storyboard */ = {
			isa = PBXVariantGroup;
			children = (
				702AD96E1D19EA630034E960 /* Base */,
			);
			name = Main.storyboard;
			sourceTree = "<group>";
		};
		702AD9721D19EA640034E960 /* LaunchScreen.storyboard */ = {
			isa = PBXVariantGroup;
			children = (
				702AD9731D19EA640034E960 /* Base */,
			);
			name = LaunchScreen.storyboard;
			sourceTree = "<group>";
		};
/* End PBXVariantGroup section */

/* Begin XCBuildConfiguration section */
		702AD9761D19EA640034E960 /* Debug */ = {
			isa = XCBuildConfiguration;
			buildSettings = {
				ALWAYS_SEARCH_USER_PATHS = NO;
				CLANG_ANALYZER_NONNULL = YES;
				CLANG_CXX_LANGUAGE_STANDARD = "gnu++0x";
				CLANG_CXX_LIBRARY = "libc++";
				CLANG_ENABLE_MODULES = YES;
				CLANG_ENABLE_OBJC_ARC = YES;
				CLANG_WARN_BOOL_CONVERSION = YES;
				CLANG_WARN_CONSTANT_CONVERSION = YES;
				CLANG_WARN_DIRECT_OBJC_ISA_USAGE = YES_ERROR;
				CLANG_WARN_EMPTY_BODY = YES;
				CLANG_WARN_ENUM_CONVERSION = YES;
				CLANG_WARN_INT_CONVERSION = YES;
				CLANG_WARN_OBJC_ROOT_CLASS = YES_ERROR;
				CLANG_WARN_UNREACHABLE_CODE = YES;
				CLANG_WARN__DUPLICATE_METHOD_MATCH = YES;
				"CODE_SIGN_IDENTITY[sdk=iphoneos*]" = "iPhone Developer";
				COPY_PHASE_STRIP = NO;
				DEBUG_INFORMATION_FORMAT = dwarf;
				ENABLE_STRICT_OBJC_MSGSEND = YES;
				ENABLE_TESTABILITY = YES;
				GCC_C_LANGUAGE_STANDARD = gnu99;
				GCC_DYNAMIC_NO_PIC = NO;
				GCC_NO_COMMON_BLOCKS = YES;
				GCC_OPTIMIZATION_LEVEL = 0;
				GCC_PREPROCESSOR_DEFINITIONS = (
					"DEBUG=1",
					"$(inherited)",
				);
				GCC_WARN_64_TO_32_BIT_CONVERSION = YES;
				GCC_WARN_ABOUT_RETURN_TYPE = YES_ERROR;
				GCC_WARN_UNDECLARED_SELECTOR = YES;
				GCC_WARN_UNINITIALIZED_AUTOS = YES_AGGRESSIVE;
				GCC_WARN_UNUSED_FUNCTION = YES;
				GCC_WARN_UNUSED_VARIABLE = YES;
				IPHONEOS_DEPLOYMENT_TARGET = 9.3;
				MTL_ENABLE_DEBUG_INFO = YES;
				ONLY_ACTIVE_ARCH = YES;
				SDKROOT = iphoneos;
				SWIFT_OPTIMIZATION_LEVEL = "-Onone";
			};
			name = Debug;
		};
		702AD9771D19EA640034E960 /* Release */ = {
			isa = XCBuildConfiguration;
			buildSettings = {
				ALWAYS_SEARCH_USER_PATHS = NO;
				CLANG_ANALYZER_NONNULL = YES;
				CLANG_CXX_LANGUAGE_STANDARD = "gnu++0x";
				CLANG_CXX_LIBRARY = "libc++";
				CLANG_ENABLE_MODULES = YES;
				CLANG_ENABLE_OBJC_ARC = YES;
				CLANG_WARN_BOOL_CONVERSION = YES;
				CLANG_WARN_CONSTANT_CONVERSION = YES;
				CLANG_WARN_DIRECT_OBJC_ISA_USAGE = YES_ERROR;
				CLANG_WARN_EMPTY_BODY = YES;
				CLANG_WARN_ENUM_CONVERSION = YES;
				CLANG_WARN_INT_CONVERSION = YES;
				CLANG_WARN_OBJC_ROOT_CLASS = YES_ERROR;
				CLANG_WARN_UNREACHABLE_CODE = YES;
				CLANG_WARN__DUPLICATE_METHOD_MATCH = YES;
				"CODE_SIGN_IDENTITY[sdk=iphoneos*]" = "iPhone Developer";
				COPY_PHASE_STRIP = NO;
				DEBUG_INFORMATION_FORMAT = "dwarf-with-dsym";
				ENABLE_NS_ASSERTIONS = NO;
				ENABLE_STRICT_OBJC_MSGSEND = YES;
				GCC_C_LANGUAGE_STANDARD = gnu99;
				GCC_NO_COMMON_BLOCKS = YES;
				GCC_WARN_64_TO_32_BIT_CONVERSION = YES;
				GCC_WARN_ABOUT_RETURN_TYPE = YES_ERROR;
				GCC_WARN_UNDECLARED_SELECTOR = YES;
				GCC_WARN_UNINITIALIZED_AUTOS = YES_AGGRESSIVE;
				GCC_WARN_UNUSED_FUNCTION = YES;
				GCC_WARN_UNUSED_VARIABLE = YES;
				IPHONEOS_DEPLOYMENT_TARGET = 9.3;
				MTL_ENABLE_DEBUG_INFO = NO;
				SDKROOT = iphoneos;
				VALIDATE_PRODUCT = YES;
			};
			name = Release;
		};
		702AD9791D19EA640034E960 /* Debug */ = {
			isa = XCBuildConfiguration;
			buildSettings = {
				ASSETCATALOG_COMPILER_APPICON_NAME = AppIcon;
				INFOPLIST_FILE = Pixter/Info.plist;
				LD_RUNPATH_SEARCH_PATHS = "$(inherited) @executable_path/Frameworks";
				PRODUCT_BUNDLE_IDENTIFIER = com.brohan.Pixter;
				PRODUCT_NAME = "$(TARGET_NAME)";
			};
			name = Debug;
		};
		702AD97A1D19EA640034E960 /* Release */ = {
			isa = XCBuildConfiguration;
			buildSettings = {
				ASSETCATALOG_COMPILER_APPICON_NAME = AppIcon;
				INFOPLIST_FILE = Pixter/Info.plist;
				LD_RUNPATH_SEARCH_PATHS = "$(inherited) @executable_path/Frameworks";
				PRODUCT_BUNDLE_IDENTIFIER = com.brohan.Pixter;
				PRODUCT_NAME = "$(TARGET_NAME)";
			};
			name = Release;
		};
/* End XCBuildConfiguration section */

/* Begin XCConfigurationList section */
		702AD9611D19EA630034E960 /* Build configuration list for PBXProject "Pixter" */ = {
			isa = XCConfigurationList;
			buildConfigurations = (
				702AD9761D19EA640034E960 /* Debug */,
				702AD9771D19EA640034E960 /* Release */,
			);
			defaultConfigurationIsVisible = 0;
			defaultConfigurationName = Release;
		};
		702AD9781D19EA640034E960 /* Build configuration list for PBXNativeTarget "Pixter" */ = {
			isa = XCConfigurationList;
			buildConfigurations = (
				702AD9791D19EA640034E960 /* Debug */,
				702AD97A1D19EA640034E960 /* Release */,
			);
			defaultConfigurationIsVisible = 0;
		};
/* End XCConfigurationList section */
	};
	rootObject = 702AD95E1D19EA630034E960 /* Project object */;
}
